// !$*UTF8*$!
{
	archiveVersion = 1;
	classes = {
	};
	objectVersion = 46;
	objects = {

/* Begin PBXBuildFile section */
		0F13A0EB1DE27B1A00740910 /* Chill.wav in Resources */ = {isa = PBXBuildFile; fileRef = 0F13A0EA1DE27B1A00740910 /* Chill.wav */; };
		0F13A0ED1DE2841C00740910 /* MusicHelper.swift in Sources */ = {isa = PBXBuildFile; fileRef = 0F13A0EC1DE2841C00740910 /* MusicHelper.swift */; };
		0F13A0EF1DE3B79F00740910 /* JustMyTypeLogo.jpg in Resources */ = {isa = PBXBuildFile; fileRef = 0F13A0EE1DE3B79F00740910 /* JustMyTypeLogo.jpg */; };
		0FBC16FA1DE4AADD008C7CBD /* Button.wav in Resources */ = {isa = PBXBuildFile; fileRef = 0FBC16F91DE4AADD008C7CBD /* Button.wav */; };
		0FFD29161D988D5500CB28D6 /* HomeViewController.swift in Sources */ = {isa = PBXBuildFile; fileRef = 0FFD29151D988D5500CB28D6 /* HomeViewController.swift */; };
		0FFD29191D988DF800CB28D6 /* RoundedButton.swift in Sources */ = {isa = PBXBuildFile; fileRef = 0FFD29181D988DF800CB28D6 /* RoundedButton.swift */; };
		1130D0931DB69DDF00FBD541 /* JustMyTypeUnitTests.swift in Sources */ = {isa = PBXBuildFile; fileRef = 1130D0921DB69DDF00FBD541 /* JustMyTypeUnitTests.swift */; };
		1130D0A11DB69E0400FBD541 /* JustMyTypeUITest.swift in Sources */ = {isa = PBXBuildFile; fileRef = 1130D0A01DB69E0400FBD541 /* JustMyTypeUITest.swift */; };
		49A28CF21DE6853D001C9343 /* LeaderboardHelper.swift in Sources */ = {isa = PBXBuildFile; fileRef = 49A28CF11DE6853D001C9343 /* LeaderboardHelper.swift */; };
		512A2ACB1DAED26200B818D0 /* TypingTest.swift in Sources */ = {isa = PBXBuildFile; fileRef = 512A2ACA1DAED26200B818D0 /* TypingTest.swift */; };
		8C4487B91DD3D75100602565 /* BasketballViewController.swift in Sources */ = {isa = PBXBuildFile; fileRef = 8C4487B81DD3D75100602565 /* BasketballViewController.swift */; };
		8C4487BB1DD3ECBA00602565 /* GamePlayScene.swift in Sources */ = {isa = PBXBuildFile; fileRef = 8C4487BA1DD3ECBA00602565 /* GamePlayScene.swift */; };
		8C7C19D51DD293CA00F2640A /* BasketBallScene.swift in Sources */ = {isa = PBXBuildFile; fileRef = 8C7C19D41DD293CA00F2640A /* BasketBallScene.swift */; };
		AE1DF8F31D972E7C00E578C2 /* AppDelegate.swift in Sources */ = {isa = PBXBuildFile; fileRef = AE1DF8F21D972E7C00E578C2 /* AppDelegate.swift */; };
		AE1DF8F51D972E7C00E578C2 /* GameScene.sks in Resources */ = {isa = PBXBuildFile; fileRef = AE1DF8F41D972E7C00E578C2 /* GameScene.sks */; };
		AE1DF8F71D972E7C00E578C2 /* GameScene.swift in Sources */ = {isa = PBXBuildFile; fileRef = AE1DF8F61D972E7C00E578C2 /* GameScene.swift */; };
		AE1DF8F91D972E7C00E578C2 /* GameViewController.swift in Sources */ = {isa = PBXBuildFile; fileRef = AE1DF8F81D972E7C00E578C2 /* GameViewController.swift */; };
		AE1DF8FC1D972E7C00E578C2 /* Main.storyboard in Resources */ = {isa = PBXBuildFile; fileRef = AE1DF8FA1D972E7C00E578C2 /* Main.storyboard */; };
		AE1DF8FE1D972E7C00E578C2 /* Assets.xcassets in Resources */ = {isa = PBXBuildFile; fileRef = AE1DF8FD1D972E7C00E578C2 /* Assets.xcassets */; };
		AE1DF9011D972E7C00E578C2 /* LaunchScreen.storyboard in Resources */ = {isa = PBXBuildFile; fileRef = AE1DF8FF1D972E7C00E578C2 /* LaunchScreen.storyboard */; };
		AE1DF9281D97319A00E578C2 /* TypingTestViewController.swift in Sources */ = {isa = PBXBuildFile; fileRef = AE1DF9271D97319A00E578C2 /* TypingTestViewController.swift */; };
		AE1DF92C1D97390300E578C2 /* SinglePlayerMenuViewController.swift in Sources */ = {isa = PBXBuildFile; fileRef = AE1DF92B1D97390300E578C2 /* SinglePlayerMenuViewController.swift */; };
		AE1DF92E1D97391100E578C2 /* MultiplayerMenuViewController.swift in Sources */ = {isa = PBXBuildFile; fileRef = AE1DF92D1D97391100E578C2 /* MultiplayerMenuViewController.swift */; };
		AE1DF9301D97391F00E578C2 /* SettingsViewController.swift in Sources */ = {isa = PBXBuildFile; fileRef = AE1DF92F1D97391F00E578C2 /* SettingsViewController.swift */; };
		AE1DF9321D973A4100E578C2 /* UIColorExtensions.swift in Sources */ = {isa = PBXBuildFile; fileRef = AE1DF9311D973A4100E578C2 /* UIColorExtensions.swift */; };
		CF3B79701DB6DF8F00A2B427 /* UIViewExtension.swift in Sources */ = {isa = PBXBuildFile; fileRef = CF3B796F1DB6DF8F00A2B427 /* UIViewExtension.swift */; };
		CFB43D551DDBC26D007C7A90 /* BalloonViewController.swift in Sources */ = {isa = PBXBuildFile; fileRef = CFB43D541DDBC26D007C7A90 /* BalloonViewController.swift */; };
		D0ED73441DCA2F8E00E62FA7 /* WordList.txt in Resources */ = {isa = PBXBuildFile; fileRef = D0ED73431DCA2F8E00E62FA7 /* WordList.txt */; };
/* End PBXBuildFile section */

/* Begin PBXContainerItemProxy section */
		1130D0951DB69DDF00FBD541 /* PBXContainerItemProxy */ = {
			isa = PBXContainerItemProxy;
			containerPortal = AE1DF8E71D972E7C00E578C2 /* Project object */;
			proxyType = 1;
			remoteGlobalIDString = AE1DF8EE1D972E7C00E578C2;
			remoteInfo = JustMyType;
		};
		1130D0A31DB69E0400FBD541 /* PBXContainerItemProxy */ = {
			isa = PBXContainerItemProxy;
			containerPortal = AE1DF8E71D972E7C00E578C2 /* Project object */;
			proxyType = 1;
			remoteGlobalIDString = AE1DF8EE1D972E7C00E578C2;
			remoteInfo = JustMyType;
		};
		AE1DF9081D972E7C00E578C2 /* PBXContainerItemProxy */ = {
			isa = PBXContainerItemProxy;
			containerPortal = AE1DF8E71D972E7C00E578C2 /* Project object */;
			proxyType = 1;
			remoteGlobalIDString = AE1DF8EE1D972E7C00E578C2;
			remoteInfo = JustMyType;
		};
		AE1DF9131D972E7C00E578C2 /* PBXContainerItemProxy */ = {
			isa = PBXContainerItemProxy;
			containerPortal = AE1DF8E71D972E7C00E578C2 /* Project object */;
			proxyType = 1;
			remoteGlobalIDString = AE1DF8EE1D972E7C00E578C2;
			remoteInfo = JustMyType;
		};
/* End PBXContainerItemProxy section */

/* Begin PBXFileReference section */
		0F13A0EA1DE27B1A00740910 /* Chill.wav */ = {isa = PBXFileReference; lastKnownFileType = audio.wav; path = Chill.wav; sourceTree = "<group>"; };
		0F13A0EC1DE2841C00740910 /* MusicHelper.swift */ = {isa = PBXFileReference; fileEncoding = 4; lastKnownFileType = sourcecode.swift; path = MusicHelper.swift; sourceTree = "<group>"; };
		0F13A0EE1DE3B79F00740910 /* JustMyTypeLogo.jpg */ = {isa = PBXFileReference; lastKnownFileType = image.jpeg; path = JustMyTypeLogo.jpg; sourceTree = "<group>"; };
		0FBC16F91DE4AADD008C7CBD /* Button.wav */ = {isa = PBXFileReference; lastKnownFileType = audio.wav; path = Button.wav; sourceTree = "<group>"; };
		0FFD29151D988D5500CB28D6 /* HomeViewController.swift */ = {isa = PBXFileReference; fileEncoding = 4; lastKnownFileType = sourcecode.swift; name = HomeViewController.swift; path = Views/HomeViewController.swift; sourceTree = "<group>"; };
		0FFD29181D988DF800CB28D6 /* RoundedButton.swift */ = {isa = PBXFileReference; fileEncoding = 4; lastKnownFileType = sourcecode.swift; name = RoundedButton.swift; path = Styling/RoundedButton.swift; sourceTree = "<group>"; };
		1130D0901DB69DDF00FBD541 /* JustMyTypeUnitTests.xctest */ = {isa = PBXFileReference; explicitFileType = wrapper.cfbundle; includeInIndex = 0; path = JustMyTypeUnitTests.xctest; sourceTree = BUILT_PRODUCTS_DIR; };
		1130D0921DB69DDF00FBD541 /* JustMyTypeUnitTests.swift */ = {isa = PBXFileReference; lastKnownFileType = sourcecode.swift; path = JustMyTypeUnitTests.swift; sourceTree = "<group>"; };
		1130D0941DB69DDF00FBD541 /* Info.plist */ = {isa = PBXFileReference; lastKnownFileType = text.plist.xml; path = Info.plist; sourceTree = "<group>"; };
		1130D09E1DB69E0400FBD541 /* JustMyTypeUITest.xctest */ = {isa = PBXFileReference; explicitFileType = wrapper.cfbundle; includeInIndex = 0; path = JustMyTypeUITest.xctest; sourceTree = BUILT_PRODUCTS_DIR; };
		1130D0A01DB69E0400FBD541 /* JustMyTypeUITest.swift */ = {isa = PBXFileReference; lastKnownFileType = sourcecode.swift; path = JustMyTypeUITest.swift; sourceTree = "<group>"; };
		1130D0A21DB69E0400FBD541 /* Info.plist */ = {isa = PBXFileReference; lastKnownFileType = text.plist.xml; path = Info.plist; sourceTree = "<group>"; };
		49A28CF11DE6853D001C9343 /* LeaderboardHelper.swift */ = {isa = PBXFileReference; fileEncoding = 4; lastKnownFileType = sourcecode.swift; path = LeaderboardHelper.swift; sourceTree = "<group>"; };
		512A2ACA1DAED26200B818D0 /* TypingTest.swift */ = {isa = PBXFileReference; fileEncoding = 4; lastKnownFileType = sourcecode.swift; path = TypingTest.swift; sourceTree = "<group>"; };
		8C4487B81DD3D75100602565 /* BasketballViewController.swift */ = {isa = PBXFileReference; fileEncoding = 4; lastKnownFileType = sourcecode.swift; name = BasketballViewController.swift; path = Views/BasketballViewController.swift; sourceTree = "<group>"; };
		8C4487BA1DD3ECBA00602565 /* GamePlayScene.swift */ = {isa = PBXFileReference; fileEncoding = 4; lastKnownFileType = sourcecode.swift; path = GamePlayScene.swift; sourceTree = "<group>"; };
		8C7C19D41DD293CA00F2640A /* BasketBallScene.swift */ = {isa = PBXFileReference; fileEncoding = 4; lastKnownFileType = sourcecode.swift; name = BasketBallScene.swift; path = ../BasketBallScene.swift; sourceTree = "<group>"; };
		AE1DF8EF1D972E7C00E578C2 /* JustMyType.app */ = {isa = PBXFileReference; explicitFileType = wrapper.application; includeInIndex = 0; path = JustMyType.app; sourceTree = BUILT_PRODUCTS_DIR; };
		AE1DF8F21D972E7C00E578C2 /* AppDelegate.swift */ = {isa = PBXFileReference; lastKnownFileType = sourcecode.swift; path = AppDelegate.swift; sourceTree = "<group>"; };
		AE1DF8F41D972E7C00E578C2 /* GameScene.sks */ = {isa = PBXFileReference; lastKnownFileType = file.sks; path = GameScene.sks; sourceTree = "<group>"; };
		AE1DF8F61D972E7C00E578C2 /* GameScene.swift */ = {isa = PBXFileReference; lastKnownFileType = sourcecode.swift; path = GameScene.swift; sourceTree = "<group>"; };
		AE1DF8F81D972E7C00E578C2 /* GameViewController.swift */ = {isa = PBXFileReference; lastKnownFileType = sourcecode.swift; path = GameViewController.swift; sourceTree = "<group>"; };
		AE1DF8FB1D972E7C00E578C2 /* Base */ = {isa = PBXFileReference; lastKnownFileType = file.storyboard; name = Base; path = Base.lproj/Main.storyboard; sourceTree = "<group>"; };
		AE1DF8FD1D972E7C00E578C2 /* Assets.xcassets */ = {isa = PBXFileReference; lastKnownFileType = folder.assetcatalog; path = Assets.xcassets; sourceTree = "<group>"; };
		AE1DF9001D972E7C00E578C2 /* Base */ = {isa = PBXFileReference; lastKnownFileType = file.storyboard; name = Base; path = Base.lproj/LaunchScreen.storyboard; sourceTree = "<group>"; };
		AE1DF9021D972E7C00E578C2 /* Info.plist */ = {isa = PBXFileReference; lastKnownFileType = text.plist.xml; path = Info.plist; sourceTree = "<group>"; };
		AE1DF9071D972E7C00E578C2 /* JustMyTypeTests.xctest */ = {isa = PBXFileReference; explicitFileType = wrapper.cfbundle; includeInIndex = 0; path = JustMyTypeTests.xctest; sourceTree = BUILT_PRODUCTS_DIR; };
		AE1DF9121D972E7C00E578C2 /* JustMyTypeUITests.xctest */ = {isa = PBXFileReference; explicitFileType = wrapper.cfbundle; includeInIndex = 0; path = JustMyTypeUITests.xctest; sourceTree = BUILT_PRODUCTS_DIR; };
		AE1DF9271D97319A00E578C2 /* TypingTestViewController.swift */ = {isa = PBXFileReference; fileEncoding = 4; lastKnownFileType = sourcecode.swift; name = TypingTestViewController.swift; path = Views/TypingTestViewController.swift; sourceTree = "<group>"; };
		AE1DF92B1D97390300E578C2 /* SinglePlayerMenuViewController.swift */ = {isa = PBXFileReference; fileEncoding = 4; lastKnownFileType = sourcecode.swift; name = SinglePlayerMenuViewController.swift; path = Views/SinglePlayerMenuViewController.swift; sourceTree = "<group>"; };
		AE1DF92D1D97391100E578C2 /* MultiplayerMenuViewController.swift */ = {isa = PBXFileReference; fileEncoding = 4; lastKnownFileType = sourcecode.swift; name = MultiplayerMenuViewController.swift; path = Views/MultiplayerMenuViewController.swift; sourceTree = "<group>"; };
		AE1DF92F1D97391F00E578C2 /* SettingsViewController.swift */ = {isa = PBXFileReference; fileEncoding = 4; lastKnownFileType = sourcecode.swift; name = SettingsViewController.swift; path = Views/SettingsViewController.swift; sourceTree = "<group>"; };
		AE1DF9311D973A4100E578C2 /* UIColorExtensions.swift */ = {isa = PBXFileReference; fileEncoding = 4; lastKnownFileType = sourcecode.swift; name = UIColorExtensions.swift; path = Extensions/UIColorExtensions.swift; sourceTree = "<group>"; };
		CF3B796F1DB6DF8F00A2B427 /* UIViewExtension.swift */ = {isa = PBXFileReference; fileEncoding = 4; lastKnownFileType = sourcecode.swift; name = UIViewExtension.swift; path = Extensions/UIViewExtension.swift; sourceTree = "<group>"; };
		CFB43D541DDBC26D007C7A90 /* BalloonViewController.swift */ = {isa = PBXFileReference; fileEncoding = 4; lastKnownFileType = sourcecode.swift; path = BalloonViewController.swift; sourceTree = "<group>"; };
		D0ED73431DCA2F8E00E62FA7 /* WordList.txt */ = {isa = PBXFileReference; explicitFileType = text; fileEncoding = 4; path = WordList.txt; sourceTree = "<group>"; };
/* End PBXFileReference section */

/* Begin PBXFrameworksBuildPhase section */
		1130D08D1DB69DDF00FBD541 /* Frameworks */ = {
			isa = PBXFrameworksBuildPhase;
			buildActionMask = 2147483647;
			files = (
			);
			runOnlyForDeploymentPostprocessing = 0;
		};
		1130D09B1DB69E0400FBD541 /* Frameworks */ = {
			isa = PBXFrameworksBuildPhase;
			buildActionMask = 2147483647;
			files = (
			);
			runOnlyForDeploymentPostprocessing = 0;
		};
		AE1DF8EC1D972E7C00E578C2 /* Frameworks */ = {
			isa = PBXFrameworksBuildPhase;
			buildActionMask = 2147483647;
			files = (
			);
			runOnlyForDeploymentPostprocessing = 0;
		};
		AE1DF9041D972E7C00E578C2 /* Frameworks */ = {
			isa = PBXFrameworksBuildPhase;
			buildActionMask = 2147483647;
			files = (
			);
			runOnlyForDeploymentPostprocessing = 0;
		};
		AE1DF90F1D972E7C00E578C2 /* Frameworks */ = {
			isa = PBXFrameworksBuildPhase;
			buildActionMask = 2147483647;
			files = (
			);
			runOnlyForDeploymentPostprocessing = 0;
		};
/* End PBXFrameworksBuildPhase section */

/* Begin PBXGroup section */
		0FFD29171D988DCA00CB28D6 /* Styling */ = {
			isa = PBXGroup;
			children = (
				0FFD29181D988DF800CB28D6 /* RoundedButton.swift */,
			);
			name = Styling;
			sourceTree = "<group>";
		};
		1130D0911DB69DDF00FBD541 /* JustMyTypeUnitTests */ = {
			isa = PBXGroup;
			children = (
				1130D0921DB69DDF00FBD541 /* JustMyTypeUnitTests.swift */,
				1130D0941DB69DDF00FBD541 /* Info.plist */,
			);
			path = JustMyTypeUnitTests;
			sourceTree = "<group>";
		};
		1130D09F1DB69E0400FBD541 /* JustMyTypeUITest */ = {
			isa = PBXGroup;
			children = (
				1130D0A01DB69E0400FBD541 /* JustMyTypeUITest.swift */,
				1130D0A21DB69E0400FBD541 /* Info.plist */,
			);
			path = JustMyTypeUITest;
			sourceTree = "<group>";
		};
		AE1DF8E61D972E7C00E578C2 = {
			isa = PBXGroup;
			children = (
				D0ED73431DCA2F8E00E62FA7 /* WordList.txt */,
				AE1DF8F11D972E7C00E578C2 /* JustMyType */,
				1130D0911DB69DDF00FBD541 /* JustMyTypeUnitTests */,
				1130D09F1DB69E0400FBD541 /* JustMyTypeUITest */,
				AE1DF8F01D972E7C00E578C2 /* Products */,
			);
			sourceTree = "<group>";
		};
		AE1DF8F01D972E7C00E578C2 /* Products */ = {
			isa = PBXGroup;
			children = (
				AE1DF8EF1D972E7C00E578C2 /* JustMyType.app */,
				AE1DF9071D972E7C00E578C2 /* JustMyTypeTests.xctest */,
				AE1DF9121D972E7C00E578C2 /* JustMyTypeUITests.xctest */,
				1130D0901DB69DDF00FBD541 /* JustMyTypeUnitTests.xctest */,
				1130D09E1DB69E0400FBD541 /* JustMyTypeUITest.xctest */,
			);
			name = Products;
			sourceTree = "<group>";
		};
		AE1DF8F11D972E7C00E578C2 /* JustMyType */ = {
			isa = PBXGroup;
			children = (
				0FFD29171D988DCA00CB28D6 /* Styling */,
				AE1DF9331D973AF200E578C2 /* Extensions */,
				AE1DF9261D972F9600E578C2 /* Views */,
				AE1DF8F21D972E7C00E578C2 /* AppDelegate.swift */,
				AE1DF8F41D972E7C00E578C2 /* GameScene.sks */,
				AE1DF8F61D972E7C00E578C2 /* GameScene.swift */,
				0F13A0EC1DE2841C00740910 /* MusicHelper.swift */,
				49A28CF11DE6853D001C9343 /* LeaderboardHelper.swift */,
				AE1DF8FA1D972E7C00E578C2 /* Main.storyboard */,
				512A2ACA1DAED26200B818D0 /* TypingTest.swift */,
				0F13A0EA1DE27B1A00740910 /* Chill.wav */,
				0FBC16F91DE4AADD008C7CBD /* Button.wav */,
				AE1DF8FD1D972E7C00E578C2 /* Assets.xcassets */,
				AE1DF8FF1D972E7C00E578C2 /* LaunchScreen.storyboard */,
				AE1DF9021D972E7C00E578C2 /* Info.plist */,
				0F13A0EE1DE3B79F00740910 /* JustMyTypeLogo.jpg */,
			);
			path = JustMyType;
			sourceTree = "<group>";
		};
		AE1DF9261D972F9600E578C2 /* Views */ = {
			isa = PBXGroup;
			children = (
				CFB43D541DDBC26D007C7A90 /* BalloonViewController.swift */,
				8C7C19D41DD293CA00F2640A /* BasketBallScene.swift */,
				8C4487B81DD3D75100602565 /* BasketballViewController.swift */,
				8C4487BA1DD3ECBA00602565 /* GamePlayScene.swift */,
				AE1DF8F81D972E7C00E578C2 /* GameViewController.swift */,
				0FFD29151D988D5500CB28D6 /* HomeViewController.swift */,
				AE1DF92D1D97391100E578C2 /* MultiplayerMenuViewController.swift */,
				AE1DF92F1D97391F00E578C2 /* SettingsViewController.swift */,
				AE1DF92B1D97390300E578C2 /* SinglePlayerMenuViewController.swift */,
				AE1DF9271D97319A00E578C2 /* TypingTestViewController.swift */,
			);
			name = Views;
			sourceTree = "<group>";
		};
		AE1DF9331D973AF200E578C2 /* Extensions */ = {
			isa = PBXGroup;
			children = (
				CF3B796F1DB6DF8F00A2B427 /* UIViewExtension.swift */,
				AE1DF9311D973A4100E578C2 /* UIColorExtensions.swift */,
			);
			name = Extensions;
			sourceTree = "<group>";
		};
/* End PBXGroup section */

/* Begin PBXNativeTarget section */
		1130D08F1DB69DDF00FBD541 /* JustMyTypeUnitTests */ = {
			isa = PBXNativeTarget;
			buildConfigurationList = 1130D0971DB69DDF00FBD541 /* Build configuration list for PBXNativeTarget "JustMyTypeUnitTests" */;
			buildPhases = (
				1130D08C1DB69DDF00FBD541 /* Sources */,
				1130D08D1DB69DDF00FBD541 /* Frameworks */,
				1130D08E1DB69DDF00FBD541 /* Resources */,
			);
			buildRules = (
			);
			dependencies = (
				1130D0961DB69DDF00FBD541 /* PBXTargetDependency */,
			);
			name = JustMyTypeUnitTests;
			productName = JustMyTypeUnitTests;
			productReference = 1130D0901DB69DDF00FBD541 /* JustMyTypeUnitTests.xctest */;
			productType = "com.apple.product-type.bundle.unit-test";
		};
		1130D09D1DB69E0400FBD541 /* JustMyTypeUITest */ = {
			isa = PBXNativeTarget;
			buildConfigurationList = 1130D0A51DB69E0400FBD541 /* Build configuration list for PBXNativeTarget "JustMyTypeUITest" */;
			buildPhases = (
				1130D09A1DB69E0400FBD541 /* Sources */,
				1130D09B1DB69E0400FBD541 /* Frameworks */,
				1130D09C1DB69E0400FBD541 /* Resources */,
			);
			buildRules = (
			);
			dependencies = (
				1130D0A41DB69E0400FBD541 /* PBXTargetDependency */,
			);
			name = JustMyTypeUITest;
			productName = JustMyTypeUITest;
			productReference = 1130D09E1DB69E0400FBD541 /* JustMyTypeUITest.xctest */;
			productType = "com.apple.product-type.bundle.ui-testing";
		};
		AE1DF8EE1D972E7C00E578C2 /* JustMyType */ = {
			isa = PBXNativeTarget;
			buildConfigurationList = AE1DF91B1D972E7C00E578C2 /* Build configuration list for PBXNativeTarget "JustMyType" */;
			buildPhases = (
				AE1DF8EB1D972E7C00E578C2 /* Sources */,
				AE1DF8EC1D972E7C00E578C2 /* Frameworks */,
				AE1DF8ED1D972E7C00E578C2 /* Resources */,
			);
			buildRules = (
			);
			dependencies = (
			);
			name = JustMyType;
			productName = JustMyType;
			productReference = AE1DF8EF1D972E7C00E578C2 /* JustMyType.app */;
			productType = "com.apple.product-type.application";
		};
		AE1DF9061D972E7C00E578C2 /* JustMyTypeTests */ = {
			isa = PBXNativeTarget;
			buildConfigurationList = AE1DF91E1D972E7C00E578C2 /* Build configuration list for PBXNativeTarget "JustMyTypeTests" */;
			buildPhases = (
				AE1DF9031D972E7C00E578C2 /* Sources */,
				AE1DF9041D972E7C00E578C2 /* Frameworks */,
				AE1DF9051D972E7C00E578C2 /* Resources */,
			);
			buildRules = (
			);
			dependencies = (
				AE1DF9091D972E7C00E578C2 /* PBXTargetDependency */,
			);
			name = JustMyTypeTests;
			productName = JustMyTypeTests;
			productReference = AE1DF9071D972E7C00E578C2 /* JustMyTypeTests.xctest */;
			productType = "com.apple.product-type.bundle.unit-test";
		};
		AE1DF9111D972E7C00E578C2 /* JustMyTypeUITests */ = {
			isa = PBXNativeTarget;
			buildConfigurationList = AE1DF9211D972E7C00E578C2 /* Build configuration list for PBXNativeTarget "JustMyTypeUITests" */;
			buildPhases = (
				AE1DF90E1D972E7C00E578C2 /* Sources */,
				AE1DF90F1D972E7C00E578C2 /* Frameworks */,
				AE1DF9101D972E7C00E578C2 /* Resources */,
			);
			buildRules = (
			);
			dependencies = (
				AE1DF9141D972E7C00E578C2 /* PBXTargetDependency */,
			);
			name = JustMyTypeUITests;
			productName = JustMyTypeUITests;
			productReference = AE1DF9121D972E7C00E578C2 /* JustMyTypeUITests.xctest */;
			productType = "com.apple.product-type.bundle.ui-testing";
		};
/* End PBXNativeTarget section */

/* Begin PBXProject section */
		AE1DF8E71D972E7C00E578C2 /* Project object */ = {
			isa = PBXProject;
			attributes = {
				LastSwiftUpdateCheck = 0800;
				LastUpgradeCheck = 0810;
				ORGANIZATIONNAME = "Lauren Koulias";
				TargetAttributes = {
					1130D08F1DB69DDF00FBD541 = {
						CreatedOnToolsVersion = 8.0;
						ProvisioningStyle = Automatic;
						TestTargetID = AE1DF8EE1D972E7C00E578C2;
					};
					1130D09D1DB69E0400FBD541 = {
						CreatedOnToolsVersion = 8.0;
						ProvisioningStyle = Automatic;
						TestTargetID = AE1DF8EE1D972E7C00E578C2;
					};
					AE1DF8EE1D972E7C00E578C2 = {
						CreatedOnToolsVersion = 7.3.1;
						LastSwiftMigration = 0800;
					};
					AE1DF9061D972E7C00E578C2 = {
						CreatedOnToolsVersion = 7.3.1;
						LastSwiftMigration = 0800;
						TestTargetID = AE1DF8EE1D972E7C00E578C2;
					};
					AE1DF9111D972E7C00E578C2 = {
						CreatedOnToolsVersion = 7.3.1;
						LastSwiftMigration = 0800;
						TestTargetID = AE1DF8EE1D972E7C00E578C2;
					};
				};
			};
			buildConfigurationList = AE1DF8EA1D972E7C00E578C2 /* Build configuration list for PBXProject "JustMyType" */;
			compatibilityVersion = "Xcode 3.2";
			developmentRegion = English;
			hasScannedForEncodings = 0;
			knownRegions = (
				en,
				Base,
			);
			mainGroup = AE1DF8E61D972E7C00E578C2;
			productRefGroup = AE1DF8F01D972E7C00E578C2 /* Products */;
			projectDirPath = "";
			projectRoot = "";
			targets = (
				AE1DF8EE1D972E7C00E578C2 /* JustMyType */,
				AE1DF9061D972E7C00E578C2 /* JustMyTypeTests */,
				AE1DF9111D972E7C00E578C2 /* JustMyTypeUITests */,
				1130D08F1DB69DDF00FBD541 /* JustMyTypeUnitTests */,
				1130D09D1DB69E0400FBD541 /* JustMyTypeUITest */,
			);
		};
/* End PBXProject section */

/* Begin PBXResourcesBuildPhase section */
		1130D08E1DB69DDF00FBD541 /* Resources */ = {
			isa = PBXResourcesBuildPhase;
			buildActionMask = 2147483647;
			files = (
			);
			runOnlyForDeploymentPostprocessing = 0;
		};
		1130D09C1DB69E0400FBD541 /* Resources */ = {
			isa = PBXResourcesBuildPhase;
			buildActionMask = 2147483647;
			files = (
			);
			runOnlyForDeploymentPostprocessing = 0;
		};
		AE1DF8ED1D972E7C00E578C2 /* Resources */ = {
			isa = PBXResourcesBuildPhase;
			buildActionMask = 2147483647;
			files = (
				D0ED73441DCA2F8E00E62FA7 /* WordList.txt in Resources */,
				0F13A0EB1DE27B1A00740910 /* Chill.wav in Resources */,
				AE1DF8F51D972E7C00E578C2 /* GameScene.sks in Resources */,
				0F13A0EF1DE3B79F00740910 /* JustMyTypeLogo.jpg in Resources */,
				AE1DF9011D972E7C00E578C2 /* LaunchScreen.storyboard in Resources */,
				AE1DF8FE1D972E7C00E578C2 /* Assets.xcassets in Resources */,
				0FBC16FA1DE4AADD008C7CBD /* Button.wav in Resources */,
				AE1DF8FC1D972E7C00E578C2 /* Main.storyboard in Resources */,
			);
			runOnlyForDeploymentPostprocessing = 0;
		};
		AE1DF9051D972E7C00E578C2 /* Resources */ = {
			isa = PBXResourcesBuildPhase;
			buildActionMask = 2147483647;
			files = (
			);
			runOnlyForDeploymentPostprocessing = 0;
		};
		AE1DF9101D972E7C00E578C2 /* Resources */ = {
			isa = PBXResourcesBuildPhase;
			buildActionMask = 2147483647;
			files = (
			);
			runOnlyForDeploymentPostprocessing = 0;
		};
/* End PBXResourcesBuildPhase section */

/* Begin PBXSourcesBuildPhase section */
		1130D08C1DB69DDF00FBD541 /* Sources */ = {
			isa = PBXSourcesBuildPhase;
			buildActionMask = 2147483647;
			files = (
				1130D0931DB69DDF00FBD541 /* JustMyTypeUnitTests.swift in Sources */,
			);
			runOnlyForDeploymentPostprocessing = 0;
		};
		1130D09A1DB69E0400FBD541 /* Sources */ = {
			isa = PBXSourcesBuildPhase;
			buildActionMask = 2147483647;
			files = (
				1130D0A11DB69E0400FBD541 /* JustMyTypeUITest.swift in Sources */,
			);
			runOnlyForDeploymentPostprocessing = 0;
		};
		AE1DF8EB1D972E7C00E578C2 /* Sources */ = {
			isa = PBXSourcesBuildPhase;
			buildActionMask = 2147483647;
			files = (
				512A2ACB1DAED26200B818D0 /* TypingTest.swift in Sources */,
				49A28CF21DE6853D001C9343 /* LeaderboardHelper.swift in Sources */,
				AE1DF9321D973A4100E578C2 /* UIColorExtensions.swift in Sources */,
				CFB43D551DDBC26D007C7A90 /* BalloonViewController.swift in Sources */,
				0FFD29191D988DF800CB28D6 /* RoundedButton.swift in Sources */,
				AE1DF92C1D97390300E578C2 /* SinglePlayerMenuViewController.swift in Sources */,
				AE1DF8F71D972E7C00E578C2 /* GameScene.swift in Sources */,
				8C4487B91DD3D75100602565 /* BasketballViewController.swift in Sources */,
				AE1DF8F91D972E7C00E578C2 /* GameViewController.swift in Sources */,
				0F13A0ED1DE2841C00740910 /* MusicHelper.swift in Sources */,
				CF3B79701DB6DF8F00A2B427 /* UIViewExtension.swift in Sources */,
				8C7C19D51DD293CA00F2640A /* BasketBallScene.swift in Sources */,
				AE1DF92E1D97391100E578C2 /* MultiplayerMenuViewController.swift in Sources */,
				0FFD29161D988D5500CB28D6 /* HomeViewController.swift in Sources */,
				AE1DF8F31D972E7C00E578C2 /* AppDelegate.swift in Sources */,
				AE1DF9281D97319A00E578C2 /* TypingTestViewController.swift in Sources */,
				AE1DF9301D97391F00E578C2 /* SettingsViewController.swift in Sources */,
				8C4487BB1DD3ECBA00602565 /* GamePlayScene.swift in Sources */,
			);
			runOnlyForDeploymentPostprocessing = 0;
		};
		AE1DF9031D972E7C00E578C2 /* Sources */ = {
			isa = PBXSourcesBuildPhase;
			buildActionMask = 2147483647;
			files = (
			);
			runOnlyForDeploymentPostprocessing = 0;
		};
		AE1DF90E1D972E7C00E578C2 /* Sources */ = {
			isa = PBXSourcesBuildPhase;
			buildActionMask = 2147483647;
			files = (
			);
			runOnlyForDeploymentPostprocessing = 0;
		};
/* End PBXSourcesBuildPhase section */

/* Begin PBXTargetDependency section */
		1130D0961DB69DDF00FBD541 /* PBXTargetDependency */ = {
			isa = PBXTargetDependency;
			target = AE1DF8EE1D972E7C00E578C2 /* JustMyType */;
			targetProxy = 1130D0951DB69DDF00FBD541 /* PBXContainerItemProxy */;
		};
		1130D0A41DB69E0400FBD541 /* PBXTargetDependency */ = {
			isa = PBXTargetDependency;
			target = AE1DF8EE1D972E7C00E578C2 /* JustMyType */;
			targetProxy = 1130D0A31DB69E0400FBD541 /* PBXContainerItemProxy */;
		};
		AE1DF9091D972E7C00E578C2 /* PBXTargetDependency */ = {
			isa = PBXTargetDependency;
			target = AE1DF8EE1D972E7C00E578C2 /* JustMyType */;
			targetProxy = AE1DF9081D972E7C00E578C2 /* PBXContainerItemProxy */;
		};
		AE1DF9141D972E7C00E578C2 /* PBXTargetDependency */ = {
			isa = PBXTargetDependency;
			target = AE1DF8EE1D972E7C00E578C2 /* JustMyType */;
			targetProxy = AE1DF9131D972E7C00E578C2 /* PBXContainerItemProxy */;
		};
/* End PBXTargetDependency section */

/* Begin PBXVariantGroup section */
		AE1DF8FA1D972E7C00E578C2 /* Main.storyboard */ = {
			isa = PBXVariantGroup;
			children = (
				AE1DF8FB1D972E7C00E578C2 /* Base */,
			);
			name = Main.storyboard;
			sourceTree = "<group>";
		};
		AE1DF8FF1D972E7C00E578C2 /* LaunchScreen.storyboard */ = {
			isa = PBXVariantGroup;
			children = (
				AE1DF9001D972E7C00E578C2 /* Base */,
			);
			name = LaunchScreen.storyboard;
			sourceTree = "<group>";
		};
/* End PBXVariantGroup section */

/* Begin XCBuildConfiguration section */
		1130D0981DB69DDF00FBD541 /* Debug */ = {
			isa = XCBuildConfiguration;
			buildSettings = {
				BUNDLE_LOADER = "$(TEST_HOST)";
				CLANG_WARN_DOCUMENTATION_COMMENTS = YES;
				CLANG_WARN_INFINITE_RECURSION = YES;
				CLANG_WARN_SUSPICIOUS_MOVES = YES;
				DEBUG_INFORMATION_FORMAT = dwarf;
				INFOPLIST_FILE = JustMyTypeUnitTests/Info.plist;
				IPHONEOS_DEPLOYMENT_TARGET = 10.0;
				LD_RUNPATH_SEARCH_PATHS = "$(inherited) @executable_path/Frameworks @loader_path/Frameworks";
				PRODUCT_BUNDLE_IDENTIFIER = com.JustMyType.JustMyTypeUnitTests;
				PRODUCT_NAME = "$(TARGET_NAME)";
				SWIFT_ACTIVE_COMPILATION_CONDITIONS = DEBUG;
				SWIFT_VERSION = 3.0;
				TEST_HOST = "$(BUILT_PRODUCTS_DIR)/JustMyType.app/JustMyType";
			};
			name = Debug;
		};
		1130D0991DB69DDF00FBD541 /* Release */ = {
			isa = XCBuildConfiguration;
			buildSettings = {
				BUNDLE_LOADER = "$(TEST_HOST)";
				CLANG_WARN_DOCUMENTATION_COMMENTS = YES;
				CLANG_WARN_INFINITE_RECURSION = YES;
				CLANG_WARN_SUSPICIOUS_MOVES = YES;
				INFOPLIST_FILE = JustMyTypeUnitTests/Info.plist;
				IPHONEOS_DEPLOYMENT_TARGET = 10.0;
				LD_RUNPATH_SEARCH_PATHS = "$(inherited) @executable_path/Frameworks @loader_path/Frameworks";
				PRODUCT_BUNDLE_IDENTIFIER = com.JustMyType.JustMyTypeUnitTests;
				PRODUCT_NAME = "$(TARGET_NAME)";
				SWIFT_OPTIMIZATION_LEVEL = "-Owholemodule";
				SWIFT_VERSION = 3.0;
				TEST_HOST = "$(BUILT_PRODUCTS_DIR)/JustMyType.app/JustMyType";
			};
			name = Release;
		};
		1130D0A61DB69E0400FBD541 /* Debug */ = {
			isa = XCBuildConfiguration;
			buildSettings = {
				CLANG_WARN_DOCUMENTATION_COMMENTS = YES;
				CLANG_WARN_INFINITE_RECURSION = YES;
				CLANG_WARN_SUSPICIOUS_MOVES = YES;
				DEBUG_INFORMATION_FORMAT = dwarf;
				INFOPLIST_FILE = JustMyTypeUITest/Info.plist;
				IPHONEOS_DEPLOYMENT_TARGET = 10.0;
				LD_RUNPATH_SEARCH_PATHS = "$(inherited) @executable_path/Frameworks @loader_path/Frameworks";
				PRODUCT_BUNDLE_IDENTIFIER = com.JustMyType.JustMyTypeUITest;
				PRODUCT_NAME = "$(TARGET_NAME)";
				SWIFT_ACTIVE_COMPILATION_CONDITIONS = DEBUG;
				SWIFT_VERSION = 3.0;
				TEST_TARGET_NAME = JustMyType;
			};
			name = Debug;
		};
		1130D0A71DB69E0400FBD541 /* Release */ = {
			isa = XCBuildConfiguration;
			buildSettings = {
				CLANG_WARN_DOCUMENTATION_COMMENTS = YES;
				CLANG_WARN_INFINITE_RECURSION = YES;
				CLANG_WARN_SUSPICIOUS_MOVES = YES;
				INFOPLIST_FILE = JustMyTypeUITest/Info.plist;
				IPHONEOS_DEPLOYMENT_TARGET = 10.0;
				LD_RUNPATH_SEARCH_PATHS = "$(inherited) @executable_path/Frameworks @loader_path/Frameworks";
				PRODUCT_BUNDLE_IDENTIFIER = com.JustMyType.JustMyTypeUITest;
				PRODUCT_NAME = "$(TARGET_NAME)";
				SWIFT_OPTIMIZATION_LEVEL = "-Owholemodule";
				SWIFT_VERSION = 3.0;
				TEST_TARGET_NAME = JustMyType;
			};
			name = Release;
		};
		AE1DF9191D972E7C00E578C2 /* Debug */ = {
			isa = XCBuildConfiguration;
			buildSettings = {
				ALWAYS_SEARCH_USER_PATHS = NO;
				CLANG_ANALYZER_NONNULL = YES;
				CLANG_CXX_LANGUAGE_STANDARD = "gnu++0x";
				CLANG_CXX_LIBRARY = "libc++";
				CLANG_ENABLE_MODULES = YES;
				CLANG_ENABLE_OBJC_ARC = YES;
				CLANG_WARN_BOOL_CONVERSION = YES;
				CLANG_WARN_CONSTANT_CONVERSION = YES;
				CLANG_WARN_DIRECT_OBJC_ISA_USAGE = YES_ERROR;
				CLANG_WARN_EMPTY_BODY = YES;
				CLANG_WARN_ENUM_CONVERSION = YES;
				CLANG_WARN_INFINITE_RECURSION = YES;
				CLANG_WARN_INT_CONVERSION = YES;
				CLANG_WARN_OBJC_ROOT_CLASS = YES_ERROR;
				CLANG_WARN_SUSPICIOUS_MOVE = YES;
				CLANG_WARN_UNREACHABLE_CODE = YES;
				CLANG_WARN__DUPLICATE_METHOD_MATCH = YES;
				"CODE_SIGN_IDENTITY[sdk=iphoneos*]" = "iPhone Developer";
				COPY_PHASE_STRIP = NO;
				DEBUG_INFORMATION_FORMAT = "dwarf-with-dsym";
				ENABLE_STRICT_OBJC_MSGSEND = YES;
				ENABLE_TESTABILITY = YES;
				GCC_C_LANGUAGE_STANDARD = gnu99;
				GCC_DYNAMIC_NO_PIC = NO;
				GCC_NO_COMMON_BLOCKS = YES;
				GCC_OPTIMIZATION_LEVEL = 0;
				GCC_PREPROCESSOR_DEFINITIONS = (
					"DEBUG=1",
					"$(inherited)",
				);
				GCC_WARN_64_TO_32_BIT_CONVERSION = YES;
				GCC_WARN_ABOUT_RETURN_TYPE = YES_ERROR;
				GCC_WARN_UNDECLARED_SELECTOR = YES;
				GCC_WARN_UNINITIALIZED_AUTOS = YES_AGGRESSIVE;
				GCC_WARN_UNUSED_FUNCTION = YES;
				GCC_WARN_UNUSED_VARIABLE = YES;
				IPHONEOS_DEPLOYMENT_TARGET = 9.3;
				MTL_ENABLE_DEBUG_INFO = YES;
				ONLY_ACTIVE_ARCH = YES;
				SDKROOT = iphoneos;
				SWIFT_OPTIMIZATION_LEVEL = "-Onone";
				TARGETED_DEVICE_FAMILY = "1,2";
			};
			name = Debug;
		};
		AE1DF91A1D972E7C00E578C2 /* Release */ = {
			isa = XCBuildConfiguration;
			buildSettings = {
				ALWAYS_SEARCH_USER_PATHS = NO;
				CLANG_ANALYZER_NONNULL = YES;
				CLANG_CXX_LANGUAGE_STANDARD = "gnu++0x";
				CLANG_CXX_LIBRARY = "libc++";
				CLANG_ENABLE_MODULES = YES;
				CLANG_ENABLE_OBJC_ARC = YES;
				CLANG_WARN_BOOL_CONVERSION = YES;
				CLANG_WARN_CONSTANT_CONVERSION = YES;
				CLANG_WARN_DIRECT_OBJC_ISA_USAGE = YES_ERROR;
				CLANG_WARN_EMPTY_BODY = YES;
				CLANG_WARN_ENUM_CONVERSION = YES;
				CLANG_WARN_INFINITE_RECURSION = YES;
				CLANG_WARN_INT_CONVERSION = YES;
				CLANG_WARN_OBJC_ROOT_CLASS = YES_ERROR;
				CLANG_WARN_SUSPICIOUS_MOVE = YES;
				CLANG_WARN_UNREACHABLE_CODE = YES;
				CLANG_WARN__DUPLICATE_METHOD_MATCH = YES;
				"CODE_SIGN_IDENTITY[sdk=iphoneos*]" = "iPhone Developer";
				COPY_PHASE_STRIP = NO;
				DEBUG_INFORMATION_FORMAT = "dwarf-with-dsym";
				ENABLE_NS_ASSERTIONS = NO;
				ENABLE_STRICT_OBJC_MSGSEND = YES;
				GCC_C_LANGUAGE_STANDARD = gnu99;
				GCC_NO_COMMON_BLOCKS = YES;
				GCC_WARN_64_TO_32_BIT_CONVERSION = YES;
				GCC_WARN_ABOUT_RETURN_TYPE = YES_ERROR;
				GCC_WARN_UNDECLARED_SELECTOR = YES;
				GCC_WARN_UNINITIALIZED_AUTOS = YES_AGGRESSIVE;
				GCC_WARN_UNUSED_FUNCTION = YES;
				GCC_WARN_UNUSED_VARIABLE = YES;
				IPHONEOS_DEPLOYMENT_TARGET = 9.3;
				MTL_ENABLE_DEBUG_INFO = NO;
				SDKROOT = iphoneos;
				SWIFT_OPTIMIZATION_LEVEL = "-Owholemodule";
				TARGETED_DEVICE_FAMILY = "1,2";
				VALIDATE_PRODUCT = YES;
			};
			name = Release;
		};
		AE1DF91C1D972E7C00E578C2 /* Debug */ = {
			isa = XCBuildConfiguration;
			buildSettings = {
				ASSETCATALOG_COMPILER_APPICON_NAME = AppIcon;
				DEVELOPMENT_TEAM = "";
				INFOPLIST_FILE = JustMyType/Info.plist;
				LD_RUNPATH_SEARCH_PATHS = "$(inherited) @executable_path/Frameworks";
				PRODUCT_BUNDLE_IDENTIFIER = me.LaurenKoulias.JustMyType;
				PRODUCT_NAME = "$(TARGET_NAME)";
				SWIFT_INCLUDE_PATHS = "<Multiple values> /";
				"SWIFT_INCLUDE_PATHS[arch=*]" = "";
				SWIFT_VERSION = 3.0;
			};
			name = Debug;
		};
		AE1DF91D1D972E7C00E578C2 /* Release */ = {
			isa = XCBuildConfiguration;
			buildSettings = {
				ASSETCATALOG_COMPILER_APPICON_NAME = AppIcon;
				DEVELOPMENT_TEAM = "";
				INFOPLIST_FILE = JustMyType/Info.plist;
				LD_RUNPATH_SEARCH_PATHS = "$(inherited) @executable_path/Frameworks";
				PRODUCT_BUNDLE_IDENTIFIER = me.LaurenKoulias.JustMyType;
				PRODUCT_NAME = "$(TARGET_NAME)";
				SWIFT_INCLUDE_PATHS = "<Multiple values> /";
				SWIFT_VERSION = 3.0;
			};
			name = Release;
		};
		AE1DF91F1D972E7C00E578C2 /* Debug */ = {
			isa = XCBuildConfiguration;
			buildSettings = {
				BUNDLE_LOADER = "$(TEST_HOST)";
				CLANG_ENABLE_MODULES = YES;
				DEBUG_INFORMATION_FORMAT = dwarf;
				INFOPLIST_FILE = JustMyTypeTests/Info.plist;
				LD_RUNPATH_SEARCH_PATHS = "$(inherited) @executable_path/Frameworks @loader_path/Frameworks";
				PRODUCT_BUNDLE_IDENTIFIER = me.LaurenKoulias.JustMyTypeTests;
				PRODUCT_NAME = "$(TARGET_NAME)";
				SWIFT_OBJC_BRIDGING_HEADER = "JustMyTypeTests-Bridging-Header.h";
				SWIFT_OPTIMIZATION_LEVEL = "-Onone";
				SWIFT_VERSION = 3.0;
				TEST_HOST = "$(BUILT_PRODUCTS_DIR)/JustMyType.app/JustMyType";
			};
			name = Debug;
		};
		AE1DF9201D972E7C00E578C2 /* Release */ = {
			isa = XCBuildConfiguration;
			buildSettings = {
				BUNDLE_LOADER = "$(TEST_HOST)";
				CLANG_ENABLE_MODULES = YES;
				INFOPLIST_FILE = JustMyTypeTests/Info.plist;
				LD_RUNPATH_SEARCH_PATHS = "$(inherited) @executable_path/Frameworks @loader_path/Frameworks";
				PRODUCT_BUNDLE_IDENTIFIER = me.LaurenKoulias.JustMyTypeTests;
				PRODUCT_NAME = "$(TARGET_NAME)";
				SWIFT_OBJC_BRIDGING_HEADER = "JustMyTypeTests-Bridging-Header.h";
				SWIFT_VERSION = 3.0;
				TEST_HOST = "$(BUILT_PRODUCTS_DIR)/JustMyType.app/JustMyType";
			};
			name = Release;
		};
		AE1DF9221D972E7C00E578C2 /* Debug */ = {
			isa = XCBuildConfiguration;
			buildSettings = {
				DEBUG_INFORMATION_FORMAT = dwarf;
				INFOPLIST_FILE = JustMyTypeUITests/Info.plist;
				LD_RUNPATH_SEARCH_PATHS = "$(inherited) @executable_path/Frameworks @loader_path/Frameworks";
				PRODUCT_BUNDLE_IDENTIFIER = me.LaurenKoulias.JustMyTypeUITests;
				PRODUCT_NAME = "$(TARGET_NAME)";
				SWIFT_VERSION = 3.0;
				TEST_TARGET_NAME = JustMyType;
			};
			name = Debug;
		};
		AE1DF9231D972E7C00E578C2 /* Release */ = {
			isa = XCBuildConfiguration;
			buildSettings = {
				INFOPLIST_FILE = JustMyTypeUITests/Info.plist;
				LD_RUNPATH_SEARCH_PATHS = "$(inherited) @executable_path/Frameworks @loader_path/Frameworks";
				PRODUCT_BUNDLE_IDENTIFIER = me.LaurenKoulias.JustMyTypeUITests;
				PRODUCT_NAME = "$(TARGET_NAME)";
				SWIFT_VERSION = 3.0;
				TEST_TARGET_NAME = JustMyType;
			};
			name = Release;
		};
/* End XCBuildConfiguration section */

/* Begin XCConfigurationList section */
		1130D0971DB69DDF00FBD541 /* Build configuration list for PBXNativeTarget "JustMyTypeUnitTests" */ = {
			isa = XCConfigurationList;
			buildConfigurations = (
				1130D0981DB69DDF00FBD541 /* Debug */,
				1130D0991DB69DDF00FBD541 /* Release */,
			);
			defaultConfigurationIsVisible = 0;
			defaultConfigurationName = Release;
		};
		1130D0A51DB69E0400FBD541 /* Build configuration list for PBXNativeTarget "JustMyTypeUITest" */ = {
			isa = XCConfigurationList;
			buildConfigurations = (
				1130D0A61DB69E0400FBD541 /* Debug */,
				1130D0A71DB69E0400FBD541 /* Release */,
			);
			defaultConfigurationIsVisible = 0;
			defaultConfigurationName = Release;
		};
		AE1DF8EA1D972E7C00E578C2 /* Build configuration list for PBXProject "JustMyType" */ = {
			isa = XCConfigurationList;
			buildConfigurations = (
				AE1DF9191D972E7C00E578C2 /* Debug */,
				AE1DF91A1D972E7C00E578C2 /* Release */,
			);
			defaultConfigurationIsVisible = 0;
			defaultConfigurationName = Release;
		};
		AE1DF91B1D972E7C00E578C2 /* Build configuration list for PBXNativeTarget "JustMyType" */ = {
			isa = XCConfigurationList;
			buildConfigurations = (
				AE1DF91C1D972E7C00E578C2 /* Debug */,
				AE1DF91D1D972E7C00E578C2 /* Release */,
			);
			defaultConfigurationIsVisible = 0;
			defaultConfigurationName = Release;
		};
		AE1DF91E1D972E7C00E578C2 /* Build configuration list for PBXNativeTarget "JustMyTypeTests" */ = {
			isa = XCConfigurationList;
			buildConfigurations = (
				AE1DF91F1D972E7C00E578C2 /* Debug */,
				AE1DF9201D972E7C00E578C2 /* Release */,
			);
			defaultConfigurationIsVisible = 0;
			defaultConfigurationName = Release;
		};
		AE1DF9211D972E7C00E578C2 /* Build configuration list for PBXNativeTarget "JustMyTypeUITests" */ = {
			isa = XCConfigurationList;
			buildConfigurations = (
				AE1DF9221D972E7C00E578C2 /* Debug */,
				AE1DF9231D972E7C00E578C2 /* Release */,
			);
			defaultConfigurationIsVisible = 0;
			defaultConfigurationName = Release;
		};
/* End XCConfigurationList section */
	};
	rootObject = AE1DF8E71D972E7C00E578C2 /* Project object */;
}
